
Microsoft Visual Studio Solution File, Format Version 11.00
# Visual Studio 2010
# SharpDevelop 5.1
Project("{FAE04EC0-301F-11D3-BF4B-00C04F79EFBC}") = "WinLLDPService", "WinLLDPService\WinLLDPService.csproj", "{1F3F8A7F-A8AF-4DA8-A769-F3059028B22F}"
EndProject
Global
	GlobalSection(SolutionConfigurationPlatforms) = preSolution
		Debug|Any CPU = Debug|Any CPU
		Release|Any CPU = Release|Any CPU
	EndGlobalSection
	GlobalSection(ProjectConfigurationPlatforms) = postSolution
		{1F3F8A7F-A8AF-4DA8-A769-F3059028B22F}.Debug|Any CPU.ActiveCfg = Debug|Any CPU
		{1F3F8A7F-A8AF-4DA8-A769-F3059028B22F}.Debug|Any CPU.Build.0 = Debug|Any CPU
		{1F3F8A7F-A8AF-4DA8-A769-F3059028B22F}.Release|Any CPU.ActiveCfg = Release|Any CPU
		{1F3F8A7F-A8AF-4DA8-A769-F3059028B22F}.Release|Any CPU.Build.0 = Release|Any CPU
	EndGlobalSection
EndGlobal
